
Microsoft Visual Studio Solution File, Format Version 12.00
# Visual Studio Version 16
VisualStudioVersion = 16.0.30225.117
MinimumVisualStudioVersion = 10.0.40219.1
Project("{FAE04EC0-301F-11D3-BF4B-00C04F79EFBC}") = "MagicCoreClasses", "MagicCoreClasses\MagicCoreClasses.csproj", "{F9E1576A-A71C-439E-86AA-D25544F1ECCE}"
EndProject
Global
	GlobalSection(SolutionConfigurationPlatforms) = preSolution
		Debug|Any CPU = Debug|Any CPU
		Release|Any CPU = Release|Any CPU
	EndGlobalSection
	GlobalSection(ProjectConfigurationPlatforms) = postSolution
		{F9E1576A-A71C-439E-86AA-D25544F1ECCE}.Debug|Any CPU.ActiveCfg = Debug|Any CPU
		{F9E1576A-A71C-439E-86AA-D25544F1ECCE}.Debug|Any CPU.Build.0 = Debug|Any CPU
		{F9E1576A-A71C-439E-86AA-D25544F1ECCE}.Release|Any CPU.ActiveCfg = Release|Any CPU
		{F9E1576A-A71C-439E-86AA-D25544F1ECCE}.Release|Any CPU.Build.0 = Release|Any CPU
	EndGlobalSection
	GlobalSection(SolutionProperties) = preSolution
		HideSolutionNode = FALSE
	EndGlobalSection
	GlobalSection(ExtensibilityGlobals) = postSolution
		SolutionGuid = {81794058-9C02-4EB6-940A-886AE4089A85}
	EndGlobalSection
EndGlobal
